
Microsoft Visual Studio Solution File, Format Version 12.00
# Visual Studio 14
VisualStudioVersion = 14.0.25123.0
MinimumVisualStudioVersion = 10.0.40219.1
Project("{FAE04EC0-301F-11D3-BF4B-00C04F79EFBC}") = "WebApplication1", "WebApplication1\WebApplication1.csproj", "{FC23B075-BC37-4207-A76F-615C6A5BF023}"
EndProject
Project("{FAE04EC0-301F-11D3-BF4B-00C04F79EFBC}") = "WindowsFormsApplication1", "WindowsFormsApplication1\WindowsFormsApplication1.csproj", "{404DC3AD-285A-4A06-84EC-A6D9845EB240}"
EndProject
Global
	GlobalSection(SolutionConfigurationPlatforms) = preSolution
		Debug|Any CPU = Debug|Any CPU
		Release|Any CPU = Release|Any CPU
	EndGlobalSection
	GlobalSection(ProjectConfigurationPlatforms) = postSolution
		{FC23B075-BC37-4207-A76F-615C6A5BF023}.Debug|Any CPU.ActiveCfg = Debug|Any CPU
		{FC23B075-BC37-4207-A76F-615C6A5BF023}.Debug|Any CPU.Build.0 = Debug|Any CPU
		{FC23B075-BC37-4207-A76F-615C6A5BF023}.Release|Any CPU.ActiveCfg = Release|Any CPU
		{FC23B075-BC37-4207-A76F-615C6A5BF023}.Release|Any CPU.Build.0 = Release|Any CPU
		{404DC3AD-285A-4A06-84EC-A6D9845EB240}.Debug|Any CPU.ActiveCfg = Debug|Any CPU
		{404DC3AD-285A-4A06-84EC-A6D9845EB240}.Debug|Any CPU.Build.0 = Debug|Any CPU
		{404DC3AD-285A-4A06-84EC-A6D9845EB240}.Release|Any CPU.ActiveCfg = Release|Any CPU
		{404DC3AD-285A-4A06-84EC-A6D9845EB240}.Release|Any CPU.Build.0 = Release|Any CPU
	EndGlobalSection
	GlobalSection(SolutionProperties) = preSolution
		HideSolutionNode = FALSE
	EndGlobalSection
EndGlobal
